// !$*UTF8*$!
{
	archiveVersion = 1;
	classes = {
	};
	objectVersion = 48;
	objects = {

/* Begin PBXBuildFile section */
		32D27EFAB27AE7A7198C5890 /* Pods_TwitterReader.framework in Frameworks */ = {isa = PBXBuildFile; fileRef = 36B82938B52F59D4CEA8099A /* Pods_TwitterReader.framework */; };
		D61D2EB120630EAF00E6D2EB /* Assets.xcassets in Resources */ = {isa = PBXBuildFile; fileRef = D61D2EB020630EAF00E6D2EB /* Assets.xcassets */; };
		D656CD4A2061724D0092B7AA /* AppDelegate.swift in Sources */ = {isa = PBXBuildFile; fileRef = D656CD492061724D0092B7AA /* AppDelegate.swift */; };
		D656CD542061724D0092B7AA /* LaunchScreen.storyboard in Resources */ = {isa = PBXBuildFile; fileRef = D656CD522061724D0092B7AA /* LaunchScreen.storyboard */; };
		D656CD5E206182B40092B7AA /* HomeDatasourceController.swift in Sources */ = {isa = PBXBuildFile; fileRef = D656CD5D206182B40092B7AA /* HomeDatasourceController.swift */; };
		D656CD632061B0C50092B7AA /* Cells.swift in Sources */ = {isa = PBXBuildFile; fileRef = D656CD622061B0C50092B7AA /* Cells.swift */; };
		D656CD652061B1030092B7AA /* HomeDataSource.swift in Sources */ = {isa = PBXBuildFile; fileRef = D656CD642061B1030092B7AA /* HomeDataSource.swift */; };
/* End PBXBuildFile section */

/* Begin PBXFileReference section */
		36B82938B52F59D4CEA8099A /* Pods_TwitterReader.framework */ = {isa = PBXFileReference; explicitFileType = wrapper.framework; includeInIndex = 0; path = Pods_TwitterReader.framework; sourceTree = BUILT_PRODUCTS_DIR; };
		D61D2EB020630EAF00E6D2EB /* Assets.xcassets */ = {isa = PBXFileReference; lastKnownFileType = folder.assetcatalog; path = Assets.xcassets; sourceTree = "<group>"; };
		D656CD462061724D0092B7AA /* TwitterReader.app */ = {isa = PBXFileReference; explicitFileType = wrapper.application; includeInIndex = 0; path = TwitterReader.app; sourceTree = BUILT_PRODUCTS_DIR; };
		D656CD492061724D0092B7AA /* AppDelegate.swift */ = {isa = PBXFileReference; lastKnownFileType = sourcecode.swift; path = AppDelegate.swift; sourceTree = "<group>"; };
		D656CD532061724D0092B7AA /* Base */ = {isa = PBXFileReference; lastKnownFileType = file.storyboard; name = Base; path = Base.lproj/LaunchScreen.storyboard; sourceTree = "<group>"; };
		D656CD552061724D0092B7AA /* Info.plist */ = {isa = PBXFileReference; lastKnownFileType = text.plist.xml; path = Info.plist; sourceTree = "<group>"; };
		D656CD5D206182B40092B7AA /* HomeDatasourceController.swift */ = {isa = PBXFileReference; lastKnownFileType = sourcecode.swift; path = HomeDatasourceController.swift; sourceTree = "<group>"; };
		D656CD622061B0C50092B7AA /* Cells.swift */ = {isa = PBXFileReference; lastKnownFileType = sourcecode.swift; path = Cells.swift; sourceTree = "<group>"; };
		D656CD642061B1030092B7AA /* HomeDataSource.swift */ = {isa = PBXFileReference; lastKnownFileType = sourcecode.swift; path = HomeDataSource.swift; sourceTree = "<group>"; };
		F3A05E65845BED6087E96F86 /* Pods-TwitterReader.release.xcconfig */ = {isa = PBXFileReference; includeInIndex = 1; lastKnownFileType = text.xcconfig; name = "Pods-TwitterReader.release.xcconfig"; path = "Pods/Target Support Files/Pods-TwitterReader/Pods-TwitterReader.release.xcconfig"; sourceTree = "<group>"; };
		F4DA3BD5FD10B5860B78086A /* Pods-TwitterReader.debug.xcconfig */ = {isa = PBXFileReference; includeInIndex = 1; lastKnownFileType = text.xcconfig; name = "Pods-TwitterReader.debug.xcconfig"; path = "Pods/Target Support Files/Pods-TwitterReader/Pods-TwitterReader.debug.xcconfig"; sourceTree = "<group>"; };
/* End PBXFileReference section */

/* Begin PBXFrameworksBuildPhase section */
		D656CD432061724D0092B7AA /* Frameworks */ = {
			isa = PBXFrameworksBuildPhase;
			buildActionMask = 2147483647;
			files = (
				32D27EFAB27AE7A7198C5890 /* Pods_TwitterReader.framework in Frameworks */,
			);
			runOnlyForDeploymentPostprocessing = 0;
		};
/* End PBXFrameworksBuildPhase section */

/* Begin PBXGroup section */
		8FE559C488E645CC5BC785F2 /* Pods */ = {
			isa = PBXGroup;
			children = (
				F4DA3BD5FD10B5860B78086A /* Pods-TwitterReader.debug.xcconfig */,
				F3A05E65845BED6087E96F86 /* Pods-TwitterReader.release.xcconfig */,
			);
			name = Pods;
			sourceTree = "<group>";
		};
		A33C0881939419BBC69D524B /* Frameworks */ = {
			isa = PBXGroup;
			children = (
				36B82938B52F59D4CEA8099A /* Pods_TwitterReader.framework */,
			);
			name = Frameworks;
			sourceTree = "<group>";
		};
		D656CD3D2061724D0092B7AA = {
			isa = PBXGroup;
			children = (
				D656CD482061724D0092B7AA /* TwitterReader */,
				D656CD472061724D0092B7AA /* Products */,
				8FE559C488E645CC5BC785F2 /* Pods */,
				A33C0881939419BBC69D524B /* Frameworks */,
			);
			sourceTree = "<group>";
		};
		D656CD472061724D0092B7AA /* Products */ = {
			isa = PBXGroup;
			children = (
				D656CD462061724D0092B7AA /* TwitterReader.app */,
			);
			name = Products;
			sourceTree = "<group>";
		};
		D656CD482061724D0092B7AA /* TwitterReader */ = {
			isa = PBXGroup;
			children = (
				D61D2EB020630EAF00E6D2EB /* Assets.xcassets */,
				D656CD612061B0560092B7AA /* View */,
				D656CD602061B04B0092B7AA /* Model */,
				D656CD5F2061B0430092B7AA /* Controller */,
				D656CD492061724D0092B7AA /* AppDelegate.swift */,
				D656CD522061724D0092B7AA /* LaunchScreen.storyboard */,
				D656CD552061724D0092B7AA /* Info.plist */,
			);
			path = TwitterReader;
			sourceTree = "<group>";
		};
		D656CD5F2061B0430092B7AA /* Controller */ = {
			isa = PBXGroup;
			children = (
				D656CD5D206182B40092B7AA /* HomeDatasourceController.swift */,
			);
			path = Controller;
			sourceTree = "<group>";
		};
		D656CD602061B04B0092B7AA /* Model */ = {
			isa = PBXGroup;
			children = (
				D656CD642061B1030092B7AA /* HomeDataSource.swift */,
			);
			path = Model;
			sourceTree = "<group>";
		};
		D656CD612061B0560092B7AA /* View */ = {
			isa = PBXGroup;
			children = (
				D656CD622061B0C50092B7AA /* Cells.swift */,
			);
			path = View;
			sourceTree = "<group>";
		};
/* End PBXGroup section */

/* Begin PBXNativeTarget section */
		D656CD452061724D0092B7AA /* TwitterReader */ = {
			isa = PBXNativeTarget;
			buildConfigurationList = D656CD582061724D0092B7AA /* Build configuration list for PBXNativeTarget "TwitterReader" */;
			buildPhases = (
				64395B78B60BC660133FE5EE /* [CP] Check Pods Manifest.lock */,
				D656CD422061724D0092B7AA /* Sources */,
				D656CD432061724D0092B7AA /* Frameworks */,
				D656CD442061724D0092B7AA /* Resources */,
				C877CE72CCC568DBE8D48DB2 /* [CP] Embed Pods Frameworks */,
				E332A42D78CFEFB9FA396D54 /* [CP] Copy Pods Resources */,
			);
			buildRules = (
			);
			dependencies = (
			);
			name = TwitterReader;
			productName = TwitterReader;
			productReference = D656CD462061724D0092B7AA /* TwitterReader.app */;
			productType = "com.apple.product-type.application";
		};
/* End PBXNativeTarget section */

/* Begin PBXProject section */
		D656CD3E2061724D0092B7AA /* Project object */ = {
			isa = PBXProject;
			attributes = {
				LastSwiftUpdateCheck = 0920;
				LastUpgradeCheck = 0920;
				ORGANIZATIONNAME = "Red Foundry";
				TargetAttributes = {
					D656CD452061724D0092B7AA = {
						CreatedOnToolsVersion = 9.2;
						ProvisioningStyle = Automatic;
					};
				};
			};
			buildConfigurationList = D656CD412061724D0092B7AA /* Build configuration list for PBXProject "TwitterReader" */;
			compatibilityVersion = "Xcode 8.0";
			developmentRegion = en;
			hasScannedForEncodings = 0;
			knownRegions = (
				en,
				Base,
			);
			mainGroup = D656CD3D2061724D0092B7AA;
			productRefGroup = D656CD472061724D0092B7AA /* Products */;
			projectDirPath = "";
			projectRoot = "";
			targets = (
				D656CD452061724D0092B7AA /* TwitterReader */,
			);
		};
/* End PBXProject section */

/* Begin PBXResourcesBuildPhase section */
		D656CD442061724D0092B7AA /* Resources */ = {
			isa = PBXResourcesBuildPhase;
			buildActionMask = 2147483647;
			files = (
				D61D2EB120630EAF00E6D2EB /* Assets.xcassets in Resources */,
				D656CD542061724D0092B7AA /* LaunchScreen.storyboard in Resources */,
			);
			runOnlyForDeploymentPostprocessing = 0;
		};
/* End PBXResourcesBuildPhase section */

/* Begin PBXShellScriptBuildPhase section */
		64395B78B60BC660133FE5EE /* [CP] Check Pods Manifest.lock */ = {
			isa = PBXShellScriptBuildPhase;
			buildActionMask = 2147483647;
			files = (
			);
			inputPaths = (
				"${PODS_PODFILE_DIR_PATH}/Podfile.lock",
				"${PODS_ROOT}/Manifest.lock",
			);
			name = "[CP] Check Pods Manifest.lock";
			outputPaths = (
				"$(DERIVED_FILE_DIR)/Pods-TwitterReader-checkManifestLockResult.txt",
			);
			runOnlyForDeploymentPostprocessing = 0;
			shellPath = /bin/sh;
			shellScript = "diff \"${PODS_PODFILE_DIR_PATH}/Podfile.lock\" \"${PODS_ROOT}/Manifest.lock\" > /dev/null\nif [ $? != 0 ] ; then\n    # print error to STDERR\n    echo \"error: The sandbox is not in sync with the Podfile.lock. Run 'pod install' or update your CocoaPods installation.\" >&2\n    exit 1\nfi\n# This output is used by Xcode 'outputs' to avoid re-running this script phase.\necho \"SUCCESS\" > \"${SCRIPT_OUTPUT_FILE_0}\"\n";
			showEnvVarsInLog = 0;
		};
		C877CE72CCC568DBE8D48DB2 /* [CP] Embed Pods Frameworks */ = {
			isa = PBXShellScriptBuildPhase;
			buildActionMask = 2147483647;
			files = (
			);
			inputPaths = (
				"${SRCROOT}/Pods/Target Support Files/Pods-TwitterReader/Pods-TwitterReader-frameworks.sh",
				"${BUILT_PRODUCTS_DIR}/LBTAComponents/LBTAComponents.framework",
			);
			name = "[CP] Embed Pods Frameworks";
			outputPaths = (
				"${TARGET_BUILD_DIR}/${FRAMEWORKS_FOLDER_PATH}/LBTAComponents.framework",
			);
			runOnlyForDeploymentPostprocessing = 0;
			shellPath = /bin/sh;
			shellScript = "\"${SRCROOT}/Pods/Target Support Files/Pods-TwitterReader/Pods-TwitterReader-frameworks.sh\"\n";
			showEnvVarsInLog = 0;
		};
		E332A42D78CFEFB9FA396D54 /* [CP] Copy Pods Resources */ = {
			isa = PBXShellScriptBuildPhase;
			buildActionMask = 2147483647;
			files = (
			);
			inputPaths = (
			);
			name = "[CP] Copy Pods Resources";
			outputPaths = (
			);
			runOnlyForDeploymentPostprocessing = 0;
			shellPath = /bin/sh;
			shellScript = "\"${SRCROOT}/Pods/Target Support Files/Pods-TwitterReader/Pods-TwitterReader-resources.sh\"\n";
			showEnvVarsInLog = 0;
		};
/* End PBXShellScriptBuildPhase section */

/* Begin PBXSourcesBuildPhase section */
		D656CD422061724D0092B7AA /* Sources */ = {
			isa = PBXSourcesBuildPhase;
			buildActionMask = 2147483647;
			files = (
				D656CD652061B1030092B7AA /* HomeDataSource.swift in Sources */,
				D656CD4A2061724D0092B7AA /* AppDelegate.swift in Sources */,
				D656CD632061B0C50092B7AA /* Cells.swift in Sources */,
				D656CD5E206182B40092B7AA /* HomeDatasourceController.swift in Sources */,
			);
			runOnlyForDeploymentPostprocessing = 0;
		};
/* End PBXSourcesBuildPhase section */

/* Begin PBXVariantGroup section */
		D656CD522061724D0092B7AA /* LaunchScreen.storyboard */ = {
			isa = PBXVariantGroup;
			children = (
				D656CD532061724D0092B7AA /* Base */,
			);
			name = LaunchScreen.storyboard;
			sourceTree = "<group>";
		};
/* End PBXVariantGroup section */

/* Begin XCBuildConfiguration section */
		D656CD562061724D0092B7AA /* Debug */ = {
			isa = XCBuildConfiguration;
			buildSettings = {
				ALWAYS_SEARCH_USER_PATHS = NO;
				CLANG_ANALYZER_NONNULL = YES;
				CLANG_ANALYZER_NUMBER_OBJECT_CONVERSION = YES_AGGRESSIVE;
				CLANG_CXX_LANGUAGE_STANDARD = "gnu++14";
				CLANG_CXX_LIBRARY = "libc++";
				CLANG_ENABLE_MODULES = YES;
				CLANG_ENABLE_OBJC_ARC = YES;
				CLANG_WARN_BLOCK_CAPTURE_AUTORELEASING = YES;
				CLANG_WARN_BOOL_CONVERSION = YES;
				CLANG_WARN_COMMA = YES;
				CLANG_WARN_CONSTANT_CONVERSION = YES;
				CLANG_WARN_DIRECT_OBJC_ISA_USAGE = YES_ERROR;
				CLANG_WARN_DOCUMENTATION_COMMENTS = YES;
				CLANG_WARN_EMPTY_BODY = YES;
				CLANG_WARN_ENUM_CONVERSION = YES;
				CLANG_WARN_INFINITE_RECURSION = YES;
				CLANG_WARN_INT_CONVERSION = YES;
				CLANG_WARN_NON_LITERAL_NULL_CONVERSION = YES;
				CLANG_WARN_OBJC_LITERAL_CONVERSION = YES;
				CLANG_WARN_OBJC_ROOT_CLASS = YES_ERROR;
				CLANG_WARN_RANGE_LOOP_ANALYSIS = YES;
				CLANG_WARN_STRICT_PROTOTYPES = YES;
				CLANG_WARN_SUSPICIOUS_MOVE = YES;
				CLANG_WARN_UNGUARDED_AVAILABILITY = YES_AGGRESSIVE;
				CLANG_WARN_UNREACHABLE_CODE = YES;
				CLANG_WARN__DUPLICATE_METHOD_MATCH = YES;
				CODE_SIGN_IDENTITY = "iPhone Developer";
				COPY_PHASE_STRIP = NO;
				DEBUG_INFORMATION_FORMAT = dwarf;
				ENABLE_STRICT_OBJC_MSGSEND = YES;
				ENABLE_TESTABILITY = YES;
				GCC_C_LANGUAGE_STANDARD = gnu11;
				GCC_DYNAMIC_NO_PIC = NO;
				GCC_NO_COMMON_BLOCKS = YES;
				GCC_OPTIMIZATION_LEVEL = 0;
				GCC_PREPROCESSOR_DEFINITIONS = (
					"DEBUG=1",
					"$(inherited)",
				);
				GCC_WARN_64_TO_32_BIT_CONVERSION = YES;
				GCC_WARN_ABOUT_RETURN_TYPE = YES_ERROR;
				GCC_WARN_UNDECLARED_SELECTOR = YES;
				GCC_WARN_UNINITIALIZED_AUTOS = YES_AGGRESSIVE;
				GCC_WARN_UNUSED_FUNCTION = YES;
				GCC_WARN_UNUSED_VARIABLE = YES;
				IPHONEOS_DEPLOYMENT_TARGET = 11.2;
				MTL_ENABLE_DEBUG_INFO = YES;
				ONLY_ACTIVE_ARCH = YES;
				SDKROOT = iphoneos;
				SWIFT_ACTIVE_COMPILATION_CONDITIONS = DEBUG;
				SWIFT_OPTIMIZATION_LEVEL = "-Onone";
			};
			name = Debug;
		};
		D656CD572061724D0092B7AA /* Release */ = {
			isa = XCBuildConfiguration;
			buildSettings = {
				ALWAYS_SEARCH_USER_PATHS = NO;
				CLANG_ANALYZER_NONNULL = YES;
				CLANG_ANALYZER_NUMBER_OBJECT_CONVERSION = YES_AGGRESSIVE;
				CLANG_CXX_LANGUAGE_STANDARD = "gnu++14";
				CLANG_CXX_LIBRARY = "libc++";
				CLANG_ENABLE_MODULES = YES;
				CLANG_ENABLE_OBJC_ARC = YES;
				CLANG_WARN_BLOCK_CAPTURE_AUTORELEASING = YES;
				CLANG_WARN_BOOL_CONVERSION = YES;
				CLANG_WARN_COMMA = YES;
				CLANG_WARN_CONSTANT_CONVERSION = YES;
				CLANG_WARN_DIRECT_OBJC_ISA_USAGE = YES_ERROR;
				CLANG_WARN_DOCUMENTATION_COMMENTS = YES;
				CLANG_WARN_EMPTY_BODY = YES;
				CLANG_WARN_ENUM_CONVERSION = YES;
				CLANG_WARN_INFINITE_RECURSION = YES;
				CLANG_WARN_INT_CONVERSION = YES;
				CLANG_WARN_NON_LITERAL_NULL_CONVERSION = YES;
				CLANG_WARN_OBJC_LITERAL_CONVERSION = YES;
				CLANG_WARN_OBJC_ROOT_CLASS = YES_ERROR;
				CLANG_WARN_RANGE_LOOP_ANALYSIS = YES;
				CLANG_WARN_STRICT_PROTOTYPES = YES;
				CLANG_WARN_SUSPICIOUS_MOVE = YES;
				CLANG_WARN_UNGUARDED_AVAILABILITY = YES_AGGRESSIVE;
				CLANG_WARN_UNREACHABLE_CODE = YES;
				CLANG_WARN__DUPLICATE_METHOD_MATCH = YES;
				CODE_SIGN_IDENTITY = "iPhone Developer";
				COPY_PHASE_STRIP = NO;
				DEBUG_INFORMATION_FORMAT = "dwarf-with-dsym";
				ENABLE_NS_ASSERTIONS = NO;
				ENABLE_STRICT_OBJC_MSGSEND = YES;
				GCC_C_LANGUAGE_STANDARD = gnu11;
				GCC_NO_COMMON_BLOCKS = YES;
				GCC_WARN_64_TO_32_BIT_CONVERSION = YES;
				GCC_WARN_ABOUT_RETURN_TYPE = YES_ERROR;
				GCC_WARN_UNDECLARED_SELECTOR = YES;
				GCC_WARN_UNINITIALIZED_AUTOS = YES_AGGRESSIVE;
				GCC_WARN_UNUSED_FUNCTION = YES;
				GCC_WARN_UNUSED_VARIABLE = YES;
				IPHONEOS_DEPLOYMENT_TARGET = 11.2;
				MTL_ENABLE_DEBUG_INFO = NO;
				SDKROOT = iphoneos;
				SWIFT_OPTIMIZATION_LEVEL = "-Owholemodule";
				VALIDATE_PRODUCT = YES;
			};
			name = Release;
		};
		D656CD592061724D0092B7AA /* Debug */ = {
			isa = XCBuildConfiguration;
			baseConfigurationReference = F4DA3BD5FD10B5860B78086A /* Pods-TwitterReader.debug.xcconfig */;
			buildSettings = {
				ASSETCATALOG_COMPILER_APPICON_NAME = AppIcon;
				CODE_SIGN_STYLE = Automatic;
				DEVELOPMENT_TEAM = 75SL55EPD7;
				INFOPLIST_FILE = TwitterReader/Info.plist;
				IPHONEOS_DEPLOYMENT_TARGET = 10.0;
				LD_RUNPATH_SEARCH_PATHS = "$(inherited) @executable_path/Frameworks";
				PRODUCT_BUNDLE_IDENTIFIER = George.TwitterReader;
				PRODUCT_NAME = "$(TARGET_NAME)";
				SWIFT_VERSION = 4.0;
				TARGETED_DEVICE_FAMILY = "1,2";
			};
			name = Debug;
		};
		D656CD5A2061724D0092B7AA /* Release */ = {
			isa = XCBuildConfiguration;
			baseConfigurationReference = F3A05E65845BED6087E96F86 /* Pods-TwitterReader.release.xcconfig */;
			buildSettings = {
				ASSETCATALOG_COMPILER_APPICON_NAME = AppIcon;
				CODE_SIGN_STYLE = Automatic;
				DEVELOPMENT_TEAM = 75SL55EPD7;
				INFOPLIST_FILE = TwitterReader/Info.plist;
				IPHONEOS_DEPLOYMENT_TARGET = 10.0;
				LD_RUNPATH_SEARCH_PATHS = "$(inherited) @executable_path/Frameworks";
				PRODUCT_BUNDLE_IDENTIFIER = George.TwitterReader;
				PRODUCT_NAME = "$(TARGET_NAME)";
				SWIFT_VERSION = 4.0;
				TARGETED_DEVICE_FAMILY = "1,2";
			};
			name = Release;
		};
/* End XCBuildConfiguration section */

/* Begin XCConfigurationList section */
		D656CD412061724D0092B7AA /* Build configuration list for PBXProject "TwitterReader" */ = {
			isa = XCConfigurationList;
			buildConfigurations = (
				D656CD562061724D0092B7AA /* Debug */,
				D656CD572061724D0092B7AA /* Release */,
			);
			defaultConfigurationIsVisible = 0;
			defaultConfigurationName = Release;
		};
		D656CD582061724D0092B7AA /* Build configuration list for PBXNativeTarget "TwitterReader" */ = {
			isa = XCConfigurationList;
			buildConfigurations = (
				D656CD592061724D0092B7AA /* Debug */,
				D656CD5A2061724D0092B7AA /* Release */,
			);
			defaultConfigurationIsVisible = 0;
			defaultConfigurationName = Release;
		};
/* End XCConfigurationList section */
	};
	rootObject = D656CD3E2061724D0092B7AA /* Project object */;
}
